
Microsoft Visual Studio Solution File, Format Version 12.00
# Visual Studio 15
VisualStudioVersion = 15.0.28307.329
MinimumVisualStudioVersion = 10.0.40219.1
Project("{FAE04EC0-301F-11D3-BF4B-00C04F79EFBC}") = "ProyectoFinal", "ProyectoFinal\ProyectoFinal.csproj", "{074105A2-AF16-4536-BD4B-1D6DAB029AF2}"
EndProject
Global
	GlobalSection(SolutionConfigurationPlatforms) = preSolution
		Debug|Any CPU = Debug|Any CPU
		Release|Any CPU = Release|Any CPU
	EndGlobalSection
	GlobalSection(ProjectConfigurationPlatforms) = postSolution
		{074105A2-AF16-4536-BD4B-1D6DAB029AF2}.Debug|Any CPU.ActiveCfg = Debug|Any CPU
		{074105A2-AF16-4536-BD4B-1D6DAB029AF2}.Debug|Any CPU.Build.0 = Debug|Any CPU
		{074105A2-AF16-4536-BD4B-1D6DAB029AF2}.Release|Any CPU.ActiveCfg = Release|Any CPU
		{074105A2-AF16-4536-BD4B-1D6DAB029AF2}.Release|Any CPU.Build.0 = Release|Any CPU
	EndGlobalSection
	GlobalSection(SolutionProperties) = preSolution
		HideSolutionNode = FALSE
	EndGlobalSection
	GlobalSection(ExtensibilityGlobals) = postSolution
		SolutionGuid = {E2801F55-0D1E-43B6-B99D-9ADA802853EF}
	EndGlobalSection
EndGlobal
